// !$*UTF8*$!
{
	archiveVersion = 1;
	classes = {
	};
	objectVersion = 55;
	objects = {

/* Begin PBXBuildFile section */
		034BA0DE137EA71FE6696C0B /* Pods_Parstagram_finalTests.framework in Frameworks */ = {isa = PBXBuildFile; fileRef = 1D7A032A62D46B6044EEDB36 /* Pods_Parstagram_finalTests.framework */; };
		2E6A06F67944A6AF613BDE51 /* Pods_Parstagram_final_Parstagram_finalUITests.framework in Frameworks */ = {isa = PBXBuildFile; fileRef = 33BECF0ADF2446D2BE6B87B2 /* Pods_Parstagram_final_Parstagram_finalUITests.framework */; };
		8A84982F27EEA9A9000F985C /* PostCell.swift in Sources */ = {isa = PBXBuildFile; fileRef = 8A84982E27EEA9A9000F985C /* PostCell.swift */; };
		8A989BEC27ED1A1B00206572 /* AppDelegate.swift in Sources */ = {isa = PBXBuildFile; fileRef = 8A989BEB27ED1A1B00206572 /* AppDelegate.swift */; };
		8A989BEE27ED1A1B00206572 /* SceneDelegate.swift in Sources */ = {isa = PBXBuildFile; fileRef = 8A989BED27ED1A1B00206572 /* SceneDelegate.swift */; };
		8A989BF327ED1A1B00206572 /* Main.storyboard in Resources */ = {isa = PBXBuildFile; fileRef = 8A989BF127ED1A1B00206572 /* Main.storyboard */; };
		8A989BF627ED1A1B00206572 /* Parstagram_final.xcdatamodeld in Sources */ = {isa = PBXBuildFile; fileRef = 8A989BF427ED1A1B00206572 /* Parstagram_final.xcdatamodeld */; };
		8A989BF827ED1A1D00206572 /* Assets.xcassets in Resources */ = {isa = PBXBuildFile; fileRef = 8A989BF727ED1A1D00206572 /* Assets.xcassets */; };
		8A989BFB27ED1A1D00206572 /* LaunchScreen.storyboard in Resources */ = {isa = PBXBuildFile; fileRef = 8A989BF927ED1A1D00206572 /* LaunchScreen.storyboard */; };
		8A989C0627ED1A1D00206572 /* Parstagram_finalTests.swift in Sources */ = {isa = PBXBuildFile; fileRef = 8A989C0527ED1A1D00206572 /* Parstagram_finalTests.swift */; };
		8A989C1027ED1A1D00206572 /* Parstagram_finalUITests.swift in Sources */ = {isa = PBXBuildFile; fileRef = 8A989C0F27ED1A1D00206572 /* Parstagram_finalUITests.swift */; };
		8A989C1227ED1A1D00206572 /* Parstagram_finalUITestsLaunchTests.swift in Sources */ = {isa = PBXBuildFile; fileRef = 8A989C1127ED1A1D00206572 /* Parstagram_finalUITestsLaunchTests.swift */; };
		8A989C1F27ED236C00206572 /* LoginViewController.swift in Sources */ = {isa = PBXBuildFile; fileRef = 8A989C1E27ED236B00206572 /* LoginViewController.swift */; };
		8A989C2127ED237B00206572 /* FeedViewController.swift in Sources */ = {isa = PBXBuildFile; fileRef = 8A989C2027ED237B00206572 /* FeedViewController.swift */; };
		8A989C2427ED2CE800206572 /* AlamofireImage in Frameworks */ = {isa = PBXBuildFile; productRef = 8A989C2327ED2CE800206572 /* AlamofireImage */; };
		8AB61B6627ED5639007DBF68 /* CameraViewController.swift in Sources */ = {isa = PBXBuildFile; fileRef = 8AB61B6527ED5639007DBF68 /* CameraViewController.swift */; };
		DECE11B052FF0F57402DC342 /* Pods_Parstagram_final.framework in Frameworks */ = {isa = PBXBuildFile; fileRef = 2D246922E858AEEFCD00DE68 /* Pods_Parstagram_final.framework */; };
/* End PBXBuildFile section */

/* Begin PBXContainerItemProxy section */
		8A989C0227ED1A1D00206572 /* PBXContainerItemProxy */ = {
			isa = PBXContainerItemProxy;
			containerPortal = 8A989BE027ED1A1B00206572 /* Project object */;
			proxyType = 1;
			remoteGlobalIDString = 8A989BE727ED1A1B00206572;
			remoteInfo = Parstagram.final;
		};
		8A989C0C27ED1A1D00206572 /* PBXContainerItemProxy */ = {
			isa = PBXContainerItemProxy;
			containerPortal = 8A989BE027ED1A1B00206572 /* Project object */;
			proxyType = 1;
			remoteGlobalIDString = 8A989BE727ED1A1B00206572;
			remoteInfo = Parstagram.final;
		};
/* End PBXContainerItemProxy section */

/* Begin PBXFileReference section */
		1B1CA662B4C3D4B51A6E2992 /* Pods-Parstagram.finalTests.debug.xcconfig */ = {isa = PBXFileReference; includeInIndex = 1; lastKnownFileType = text.xcconfig; name = "Pods-Parstagram.finalTests.debug.xcconfig"; path = "Target Support Files/Pods-Parstagram.finalTests/Pods-Parstagram.finalTests.debug.xcconfig"; sourceTree = "<group>"; };
		1D7A032A62D46B6044EEDB36 /* Pods_Parstagram_finalTests.framework */ = {isa = PBXFileReference; explicitFileType = wrapper.framework; includeInIndex = 0; path = Pods_Parstagram_finalTests.framework; sourceTree = BUILT_PRODUCTS_DIR; };
		2C309C0ABD184370EE922D51 /* Pods-Parstagram.finalTests.release.xcconfig */ = {isa = PBXFileReference; includeInIndex = 1; lastKnownFileType = text.xcconfig; name = "Pods-Parstagram.finalTests.release.xcconfig"; path = "Target Support Files/Pods-Parstagram.finalTests/Pods-Parstagram.finalTests.release.xcconfig"; sourceTree = "<group>"; };
		2D246922E858AEEFCD00DE68 /* Pods_Parstagram_final.framework */ = {isa = PBXFileReference; explicitFileType = wrapper.framework; includeInIndex = 0; path = Pods_Parstagram_final.framework; sourceTree = BUILT_PRODUCTS_DIR; };
		33BECF0ADF2446D2BE6B87B2 /* Pods_Parstagram_final_Parstagram_finalUITests.framework */ = {isa = PBXFileReference; explicitFileType = wrapper.framework; includeInIndex = 0; path = Pods_Parstagram_final_Parstagram_finalUITests.framework; sourceTree = BUILT_PRODUCTS_DIR; };
		500F516722C3CC47C92432FC /* Pods-Parstagram.final.release.xcconfig */ = {isa = PBXFileReference; includeInIndex = 1; lastKnownFileType = text.xcconfig; name = "Pods-Parstagram.final.release.xcconfig"; path = "Target Support Files/Pods-Parstagram.final/Pods-Parstagram.final.release.xcconfig"; sourceTree = "<group>"; };
		73B6C532FA5C56506654E903 /* Pods-Parstagram.final.debug.xcconfig */ = {isa = PBXFileReference; includeInIndex = 1; lastKnownFileType = text.xcconfig; name = "Pods-Parstagram.final.debug.xcconfig"; path = "Target Support Files/Pods-Parstagram.final/Pods-Parstagram.final.debug.xcconfig"; sourceTree = "<group>"; };
		8A84982E27EEA9A9000F985C /* PostCell.swift */ = {isa = PBXFileReference; lastKnownFileType = sourcecode.swift; path = PostCell.swift; sourceTree = "<group>"; };
		8A989BE827ED1A1B00206572 /* Parstagram.final.app */ = {isa = PBXFileReference; explicitFileType = wrapper.application; includeInIndex = 0; path = Parstagram.final.app; sourceTree = BUILT_PRODUCTS_DIR; };
		8A989BEB27ED1A1B00206572 /* AppDelegate.swift */ = {isa = PBXFileReference; lastKnownFileType = sourcecode.swift; path = AppDelegate.swift; sourceTree = "<group>"; };
		8A989BED27ED1A1B00206572 /* SceneDelegate.swift */ = {isa = PBXFileReference; lastKnownFileType = sourcecode.swift; path = SceneDelegate.swift; sourceTree = "<group>"; };
		8A989BF227ED1A1B00206572 /* Base */ = {isa = PBXFileReference; lastKnownFileType = file.storyboard; name = Base; path = Base.lproj/Main.storyboard; sourceTree = "<group>"; };
		8A989BF527ED1A1B00206572 /* Parstagram_final.xcdatamodel */ = {isa = PBXFileReference; lastKnownFileType = wrapper.xcdatamodel; path = Parstagram_final.xcdatamodel; sourceTree = "<group>"; };
		8A989BF727ED1A1D00206572 /* Assets.xcassets */ = {isa = PBXFileReference; lastKnownFileType = folder.assetcatalog; path = Assets.xcassets; sourceTree = "<group>"; };
		8A989BFA27ED1A1D00206572 /* Base */ = {isa = PBXFileReference; lastKnownFileType = file.storyboard; name = Base; path = Base.lproj/LaunchScreen.storyboard; sourceTree = "<group>"; };
		8A989BFC27ED1A1D00206572 /* Info.plist */ = {isa = PBXFileReference; lastKnownFileType = text.plist.xml; path = Info.plist; sourceTree = "<group>"; };
		8A989C0127ED1A1D00206572 /* Parstagram.finalTests.xctest */ = {isa = PBXFileReference; explicitFileType = wrapper.cfbundle; includeInIndex = 0; path = Parstagram.finalTests.xctest; sourceTree = BUILT_PRODUCTS_DIR; };
		8A989C0527ED1A1D00206572 /* Parstagram_finalTests.swift */ = {isa = PBXFileReference; lastKnownFileType = sourcecode.swift; path = Parstagram_finalTests.swift; sourceTree = "<group>"; };
		8A989C0B27ED1A1D00206572 /* Parstagram.finalUITests.xctest */ = {isa = PBXFileReference; explicitFileType = wrapper.cfbundle; includeInIndex = 0; path = Parstagram.finalUITests.xctest; sourceTree = BUILT_PRODUCTS_DIR; };
		8A989C0F27ED1A1D00206572 /* Parstagram_finalUITests.swift */ = {isa = PBXFileReference; lastKnownFileType = sourcecode.swift; path = Parstagram_finalUITests.swift; sourceTree = "<group>"; };
		8A989C1127ED1A1D00206572 /* Parstagram_finalUITestsLaunchTests.swift */ = {isa = PBXFileReference; lastKnownFileType = sourcecode.swift; path = Parstagram_finalUITestsLaunchTests.swift; sourceTree = "<group>"; };
		8A989C1E27ED236B00206572 /* LoginViewController.swift */ = {isa = PBXFileReference; lastKnownFileType = sourcecode.swift; path = LoginViewController.swift; sourceTree = "<group>"; };
		8A989C2027ED237B00206572 /* FeedViewController.swift */ = {isa = PBXFileReference; lastKnownFileType = sourcecode.swift; path = FeedViewController.swift; sourceTree = "<group>"; };
		8AB61B6527ED5639007DBF68 /* CameraViewController.swift */ = {isa = PBXFileReference; lastKnownFileType = sourcecode.swift; path = CameraViewController.swift; sourceTree = "<group>"; };
		E043EA25AA7900D6135C1CB4 /* Pods-Parstagram.final-Parstagram.finalUITests.debug.xcconfig */ = {isa = PBXFileReference; includeInIndex = 1; lastKnownFileType = text.xcconfig; name = "Pods-Parstagram.final-Parstagram.finalUITests.debug.xcconfig"; path = "Target Support Files/Pods-Parstagram.final-Parstagram.finalUITests/Pods-Parstagram.final-Parstagram.finalUITests.debug.xcconfig"; sourceTree = "<group>"; };
		FED04B0124DFB6E59B7245BD /* Pods-Parstagram.final-Parstagram.finalUITests.release.xcconfig */ = {isa = PBXFileReference; includeInIndex = 1; lastKnownFileType = text.xcconfig; name = "Pods-Parstagram.final-Parstagram.finalUITests.release.xcconfig"; path = "Target Support Files/Pods-Parstagram.final-Parstagram.finalUITests/Pods-Parstagram.final-Parstagram.finalUITests.release.xcconfig"; sourceTree = "<group>"; };
/* End PBXFileReference section */

/* Begin PBXFrameworksBuildPhase section */
		8A989BE527ED1A1B00206572 /* Frameworks */ = {
			isa = PBXFrameworksBuildPhase;
			buildActionMask = 2147483647;
			files = (
				8A989C2427ED2CE800206572 /* AlamofireImage in Frameworks */,
				DECE11B052FF0F57402DC342 /* Pods_Parstagram_final.framework in Frameworks */,
			);
			runOnlyForDeploymentPostprocessing = 0;
		};
		8A989BFE27ED1A1D00206572 /* Frameworks */ = {
			isa = PBXFrameworksBuildPhase;
			buildActionMask = 2147483647;
			files = (
				034BA0DE137EA71FE6696C0B /* Pods_Parstagram_finalTests.framework in Frameworks */,
			);
			runOnlyForDeploymentPostprocessing = 0;
		};
		8A989C0827ED1A1D00206572 /* Frameworks */ = {
			isa = PBXFrameworksBuildPhase;
			buildActionMask = 2147483647;
			files = (
				2E6A06F67944A6AF613BDE51 /* Pods_Parstagram_final_Parstagram_finalUITests.framework in Frameworks */,
			);
			runOnlyForDeploymentPostprocessing = 0;
		};
/* End PBXFrameworksBuildPhase section */

/* Begin PBXGroup section */
		0B11FCDDC2D533C77548BF37 /* Pods */ = {
			isa = PBXGroup;
			children = (
				73B6C532FA5C56506654E903 /* Pods-Parstagram.final.debug.xcconfig */,
				500F516722C3CC47C92432FC /* Pods-Parstagram.final.release.xcconfig */,
				E043EA25AA7900D6135C1CB4 /* Pods-Parstagram.final-Parstagram.finalUITests.debug.xcconfig */,
				FED04B0124DFB6E59B7245BD /* Pods-Parstagram.final-Parstagram.finalUITests.release.xcconfig */,
				1B1CA662B4C3D4B51A6E2992 /* Pods-Parstagram.finalTests.debug.xcconfig */,
				2C309C0ABD184370EE922D51 /* Pods-Parstagram.finalTests.release.xcconfig */,
			);
			path = Pods;
			sourceTree = "<group>";
		};
		213DCF0430A540312A303BCC /* Frameworks */ = {
			isa = PBXGroup;
			children = (
				2D246922E858AEEFCD00DE68 /* Pods_Parstagram_final.framework */,
				33BECF0ADF2446D2BE6B87B2 /* Pods_Parstagram_final_Parstagram_finalUITests.framework */,
				1D7A032A62D46B6044EEDB36 /* Pods_Parstagram_finalTests.framework */,
			);
			name = Frameworks;
			sourceTree = "<group>";
		};
		8A989BDF27ED1A1B00206572 = {
			isa = PBXGroup;
			children = (
				8A989BEA27ED1A1B00206572 /* Parstagram.final */,
				8A989C0427ED1A1D00206572 /* Parstagram.finalTests */,
				8A989C0E27ED1A1D00206572 /* Parstagram.finalUITests */,
				8A989BE927ED1A1B00206572 /* Products */,
				0B11FCDDC2D533C77548BF37 /* Pods */,
				213DCF0430A540312A303BCC /* Frameworks */,
			);
			sourceTree = "<group>";
		};
		8A989BE927ED1A1B00206572 /* Products */ = {
			isa = PBXGroup;
			children = (
				8A989BE827ED1A1B00206572 /* Parstagram.final.app */,
				8A989C0127ED1A1D00206572 /* Parstagram.finalTests.xctest */,
				8A989C0B27ED1A1D00206572 /* Parstagram.finalUITests.xctest */,
			);
			name = Products;
			sourceTree = "<group>";
		};
		8A989BEA27ED1A1B00206572 /* Parstagram.final */ = {
			isa = PBXGroup;
			children = (
				8A989BEB27ED1A1B00206572 /* AppDelegate.swift */,
				8A989BED27ED1A1B00206572 /* SceneDelegate.swift */,
				8A989BF127ED1A1B00206572 /* Main.storyboard */,
				8A989BF727ED1A1D00206572 /* Assets.xcassets */,
				8A989BF927ED1A1D00206572 /* LaunchScreen.storyboard */,
				8A989BFC27ED1A1D00206572 /* Info.plist */,
				8A989BF427ED1A1B00206572 /* Parstagram_final.xcdatamodeld */,
				8A989C1E27ED236B00206572 /* LoginViewController.swift */,
				8A989C2027ED237B00206572 /* FeedViewController.swift */,
				8AB61B6527ED5639007DBF68 /* CameraViewController.swift */,
				8A84982E27EEA9A9000F985C /* PostCell.swift */,
			);
			path = Parstagram.final;
			sourceTree = "<group>";
		};
		8A989C0427ED1A1D00206572 /* Parstagram.finalTests */ = {
			isa = PBXGroup;
			children = (
				8A989C0527ED1A1D00206572 /* Parstagram_finalTests.swift */,
			);
			path = Parstagram.finalTests;
			sourceTree = "<group>";
		};
		8A989C0E27ED1A1D00206572 /* Parstagram.finalUITests */ = {
			isa = PBXGroup;
			children = (
				8A989C0F27ED1A1D00206572 /* Parstagram_finalUITests.swift */,
				8A989C1127ED1A1D00206572 /* Parstagram_finalUITestsLaunchTests.swift */,
			);
			path = Parstagram.finalUITests;
			sourceTree = "<group>";
		};
/* End PBXGroup section */

/* Begin PBXNativeTarget section */
		8A989BE727ED1A1B00206572 /* Parstagram.final */ = {
			isa = PBXNativeTarget;
			buildConfigurationList = 8A989C1527ED1A1D00206572 /* Build configuration list for PBXNativeTarget "Parstagram.final" */;
			buildPhases = (
				7AF035B191FD8947CDA86FE4 /* [CP] Check Pods Manifest.lock */,
				8A989BE427ED1A1B00206572 /* Sources */,
				8A989BE527ED1A1B00206572 /* Frameworks */,
				8A989BE627ED1A1B00206572 /* Resources */,
				1614686C3CB060271CD9C1AD /* [CP] Embed Pods Frameworks */,
			);
			buildRules = (
			);
			dependencies = (
			);
			name = Parstagram.final;
			packageProductDependencies = (
				8A989C2327ED2CE800206572 /* AlamofireImage */,
			);
			productName = Parstagram.final;
			productReference = 8A989BE827ED1A1B00206572 /* Parstagram.final.app */;
			productType = "com.apple.product-type.application";
		};
		8A989C0027ED1A1D00206572 /* Parstagram.finalTests */ = {
			isa = PBXNativeTarget;
			buildConfigurationList = 8A989C1827ED1A1D00206572 /* Build configuration list for PBXNativeTarget "Parstagram.finalTests" */;
			buildPhases = (
				29AA5F25784D32BB37D40515 /* [CP] Check Pods Manifest.lock */,
				8A989BFD27ED1A1D00206572 /* Sources */,
				8A989BFE27ED1A1D00206572 /* Frameworks */,
				8A989BFF27ED1A1D00206572 /* Resources */,
			);
			buildRules = (
			);
			dependencies = (
				8A989C0327ED1A1D00206572 /* PBXTargetDependency */,
			);
			name = Parstagram.finalTests;
			productName = Parstagram.finalTests;
			productReference = 8A989C0127ED1A1D00206572 /* Parstagram.finalTests.xctest */;
			productType = "com.apple.product-type.bundle.unit-test";
		};
		8A989C0A27ED1A1D00206572 /* Parstagram.finalUITests */ = {
			isa = PBXNativeTarget;
			buildConfigurationList = 8A989C1B27ED1A1D00206572 /* Build configuration list for PBXNativeTarget "Parstagram.finalUITests" */;
			buildPhases = (
				21D348FA0447B3192C39294A /* [CP] Check Pods Manifest.lock */,
				8A989C0727ED1A1D00206572 /* Sources */,
				8A989C0827ED1A1D00206572 /* Frameworks */,
				8A989C0927ED1A1D00206572 /* Resources */,
				5B5B19E65B501A5386CA3008 /* [CP] Embed Pods Frameworks */,
			);
			buildRules = (
			);
			dependencies = (
				8A989C0D27ED1A1D00206572 /* PBXTargetDependency */,
			);
			name = Parstagram.finalUITests;
			productName = Parstagram.finalUITests;
			productReference = 8A989C0B27ED1A1D00206572 /* Parstagram.finalUITests.xctest */;
			productType = "com.apple.product-type.bundle.ui-testing";
		};
/* End PBXNativeTarget section */

/* Begin PBXProject section */
		8A989BE027ED1A1B00206572 /* Project object */ = {
			isa = PBXProject;
			attributes = {
				BuildIndependentTargetsInParallel = 1;
				LastSwiftUpdateCheck = 1320;
				LastUpgradeCheck = 1320;
				TargetAttributes = {
					8A989BE727ED1A1B00206572 = {
						CreatedOnToolsVersion = 13.2.1;
					};
					8A989C0027ED1A1D00206572 = {
						CreatedOnToolsVersion = 13.2.1;
						TestTargetID = 8A989BE727ED1A1B00206572;
					};
					8A989C0A27ED1A1D00206572 = {
						CreatedOnToolsVersion = 13.2.1;
						TestTargetID = 8A989BE727ED1A1B00206572;
					};
				};
			};
			buildConfigurationList = 8A989BE327ED1A1B00206572 /* Build configuration list for PBXProject "Parstagram.final" */;
			compatibilityVersion = "Xcode 13.0";
			developmentRegion = en;
			hasScannedForEncodings = 0;
			knownRegions = (
				en,
				Base,
			);
			mainGroup = 8A989BDF27ED1A1B00206572;
			packageReferences = (
				8A989C2227ED2CE800206572 /* XCRemoteSwiftPackageReference "AlamofireImage" */,
			);
			productRefGroup = 8A989BE927ED1A1B00206572 /* Products */;
			projectDirPath = "";
			projectRoot = "";
			targets = (
				8A989BE727ED1A1B00206572 /* Parstagram.final */,
				8A989C0027ED1A1D00206572 /* Parstagram.finalTests */,
				8A989C0A27ED1A1D00206572 /* Parstagram.finalUITests */,
			);
		};
/* End PBXProject section */

/* Begin PBXResourcesBuildPhase section */
		8A989BE627ED1A1B00206572 /* Resources */ = {
			isa = PBXResourcesBuildPhase;
			buildActionMask = 2147483647;
			files = (
				8A989BFB27ED1A1D00206572 /* LaunchScreen.storyboard in Resources */,
				8A989BF827ED1A1D00206572 /* Assets.xcassets in Resources */,
				8A989BF327ED1A1B00206572 /* Main.storyboard in Resources */,
			);
			runOnlyForDeploymentPostprocessing = 0;
		};
		8A989BFF27ED1A1D00206572 /* Resources */ = {
			isa = PBXResourcesBuildPhase;
			buildActionMask = 2147483647;
			files = (
			);
			runOnlyForDeploymentPostprocessing = 0;
		};
		8A989C0927ED1A1D00206572 /* Resources */ = {
			isa = PBXResourcesBuildPhase;
			buildActionMask = 2147483647;
			files = (
			);
			runOnlyForDeploymentPostprocessing = 0;
		};
/* End PBXResourcesBuildPhase section */

/* Begin PBXShellScriptBuildPhase section */
		1614686C3CB060271CD9C1AD /* [CP] Embed Pods Frameworks */ = {
			isa = PBXShellScriptBuildPhase;
			buildActionMask = 2147483647;
			files = (
			);
			inputFileListPaths = (
				"${PODS_ROOT}/Target Support Files/Pods-Parstagram.final/Pods-Parstagram.final-frameworks-${CONFIGURATION}-input-files.xcfilelist",
			);
			name = "[CP] Embed Pods Frameworks";
			outputFileListPaths = (
				"${PODS_ROOT}/Target Support Files/Pods-Parstagram.final/Pods-Parstagram.final-frameworks-${CONFIGURATION}-output-files.xcfilelist",
			);
			runOnlyForDeploymentPostprocessing = 0;
			shellPath = /bin/sh;
			shellScript = "\"${PODS_ROOT}/Target Support Files/Pods-Parstagram.final/Pods-Parstagram.final-frameworks.sh\"\n";
			showEnvVarsInLog = 0;
		};
		21D348FA0447B3192C39294A /* [CP] Check Pods Manifest.lock */ = {
			isa = PBXShellScriptBuildPhase;
			buildActionMask = 2147483647;
			files = (
			);
			inputFileListPaths = (
			);
			inputPaths = (
				"${PODS_PODFILE_DIR_PATH}/Podfile.lock",
				"${PODS_ROOT}/Manifest.lock",
			);
			name = "[CP] Check Pods Manifest.lock";
			outputFileListPaths = (
			);
			outputPaths = (
				"$(DERIVED_FILE_DIR)/Pods-Parstagram.final-Parstagram.finalUITests-checkManifestLockResult.txt",
			);
			runOnlyForDeploymentPostprocessing = 0;
			shellPath = /bin/sh;
			shellScript = "diff \"${PODS_PODFILE_DIR_PATH}/Podfile.lock\" \"${PODS_ROOT}/Manifest.lock\" > /dev/null\nif [ $? != 0 ] ; then\n    # print error to STDERR\n    echo \"error: The sandbox is not in sync with the Podfile.lock. Run 'pod install' or update your CocoaPods installation.\" >&2\n    exit 1\nfi\n# This output is used by Xcode 'outputs' to avoid re-running this script phase.\necho \"SUCCESS\" > \"${SCRIPT_OUTPUT_FILE_0}\"\n";
			showEnvVarsInLog = 0;
		};
		29AA5F25784D32BB37D40515 /* [CP] Check Pods Manifest.lock */ = {
			isa = PBXShellScriptBuildPhase;
			buildActionMask = 2147483647;
			files = (
			);
			inputFileListPaths = (
			);
			inputPaths = (
				"${PODS_PODFILE_DIR_PATH}/Podfile.lock",
				"${PODS_ROOT}/Manifest.lock",
			);
			name = "[CP] Check Pods Manifest.lock";
			outputFileListPaths = (
			);
			outputPaths = (
				"$(DERIVED_FILE_DIR)/Pods-Parstagram.finalTests-checkManifestLockResult.txt",
			);
			runOnlyForDeploymentPostprocessing = 0;
			shellPath = /bin/sh;
			shellScript = "diff \"${PODS_PODFILE_DIR_PATH}/Podfile.lock\" \"${PODS_ROOT}/Manifest.lock\" > /dev/null\nif [ $? != 0 ] ; then\n    # print error to STDERR\n    echo \"error: The sandbox is not in sync with the Podfile.lock. Run 'pod install' or update your CocoaPods installation.\" >&2\n    exit 1\nfi\n# This output is used by Xcode 'outputs' to avoid re-running this script phase.\necho \"SUCCESS\" > \"${SCRIPT_OUTPUT_FILE_0}\"\n";
			showEnvVarsInLog = 0;
		};
		5B5B19E65B501A5386CA3008 /* [CP] Embed Pods Frameworks */ = {
			isa = PBXShellScriptBuildPhase;
			buildActionMask = 2147483647;
			files = (
			);
			inputFileListPaths = (
				"${PODS_ROOT}/Target Support Files/Pods-Parstagram.final-Parstagram.finalUITests/Pods-Parstagram.final-Parstagram.finalUITests-frameworks-${CONFIGURATION}-input-files.xcfilelist",
			);
			name = "[CP] Embed Pods Frameworks";
			outputFileListPaths = (
				"${PODS_ROOT}/Target Support Files/Pods-Parstagram.final-Parstagram.finalUITests/Pods-Parstagram.final-Parstagram.finalUITests-frameworks-${CONFIGURATION}-output-files.xcfilelist",
			);
			runOnlyForDeploymentPostprocessing = 0;
			shellPath = /bin/sh;
			shellScript = "\"${PODS_ROOT}/Target Support Files/Pods-Parstagram.final-Parstagram.finalUITests/Pods-Parstagram.final-Parstagram.finalUITests-frameworks.sh\"\n";
			showEnvVarsInLog = 0;
		};
		7AF035B191FD8947CDA86FE4 /* [CP] Check Pods Manifest.lock */ = {
			isa = PBXShellScriptBuildPhase;
			buildActionMask = 2147483647;
			files = (
			);
			inputFileListPaths = (
			);
			inputPaths = (
				"${PODS_PODFILE_DIR_PATH}/Podfile.lock",
				"${PODS_ROOT}/Manifest.lock",
			);
			name = "[CP] Check Pods Manifest.lock";
			outputFileListPaths = (
			);
			outputPaths = (
				"$(DERIVED_FILE_DIR)/Pods-Parstagram.final-checkManifestLockResult.txt",
			);
			runOnlyForDeploymentPostprocessing = 0;
			shellPath = /bin/sh;
			shellScript = "diff \"${PODS_PODFILE_DIR_PATH}/Podfile.lock\" \"${PODS_ROOT}/Manifest.lock\" > /dev/null\nif [ $? != 0 ] ; then\n    # print error to STDERR\n    echo \"error: The sandbox is not in sync with the Podfile.lock. Run 'pod install' or update your CocoaPods installation.\" >&2\n    exit 1\nfi\n# This output is used by Xcode 'outputs' to avoid re-running this script phase.\necho \"SUCCESS\" > \"${SCRIPT_OUTPUT_FILE_0}\"\n";
			showEnvVarsInLog = 0;
		};
/* End PBXShellScriptBuildPhase section */

/* Begin PBXSourcesBuildPhase section */
		8A989BE427ED1A1B00206572 /* Sources */ = {
			isa = PBXSourcesBuildPhase;
			buildActionMask = 2147483647;
			files = (
				8A84982F27EEA9A9000F985C /* PostCell.swift in Sources */,
				8A989C1F27ED236C00206572 /* LoginViewController.swift in Sources */,
				8A989BF627ED1A1B00206572 /* Parstagram_final.xcdatamodeld in Sources */,
				8A989C2127ED237B00206572 /* FeedViewController.swift in Sources */,
				8A989BEC27ED1A1B00206572 /* AppDelegate.swift in Sources */,
				8A989BEE27ED1A1B00206572 /* SceneDelegate.swift in Sources */,
				8AB61B6627ED5639007DBF68 /* CameraViewController.swift in Sources */,
			);
			runOnlyForDeploymentPostprocessing = 0;
		};
		8A989BFD27ED1A1D00206572 /* Sources */ = {
			isa = PBXSourcesBuildPhase;
			buildActionMask = 2147483647;
			files = (
				8A989C0627ED1A1D00206572 /* Parstagram_finalTests.swift in Sources */,
			);
			runOnlyForDeploymentPostprocessing = 0;
		};
		8A989C0727ED1A1D00206572 /* Sources */ = {
			isa = PBXSourcesBuildPhase;
			buildActionMask = 2147483647;
			files = (
				8A989C1027ED1A1D00206572 /* Parstagram_finalUITests.swift in Sources */,
				8A989C1227ED1A1D00206572 /* Parstagram_finalUITestsLaunchTests.swift in Sources */,
			);
			runOnlyForDeploymentPostprocessing = 0;
		};
/* End PBXSourcesBuildPhase section */

/* Begin PBXTargetDependency section */
		8A989C0327ED1A1D00206572 /* PBXTargetDependency */ = {
			isa = PBXTargetDependency;
			target = 8A989BE727ED1A1B00206572 /* Parstagram.final */;
			targetProxy = 8A989C0227ED1A1D00206572 /* PBXContainerItemProxy */;
		};
		8A989C0D27ED1A1D00206572 /* PBXTargetDependency */ = {
			isa = PBXTargetDependency;
			target = 8A989BE727ED1A1B00206572 /* Parstagram.final */;
			targetProxy = 8A989C0C27ED1A1D00206572 /* PBXContainerItemProxy */;
		};
/* End PBXTargetDependency section */

/* Begin PBXVariantGroup section */
		8A989BF127ED1A1B00206572 /* Main.storyboard */ = {
			isa = PBXVariantGroup;
			children = (
				8A989BF227ED1A1B00206572 /* Base */,
			);
			name = Main.storyboard;
			sourceTree = "<group>";
		};
		8A989BF927ED1A1D00206572 /* LaunchScreen.storyboard */ = {
			isa = PBXVariantGroup;
			children = (
				8A989BFA27ED1A1D00206572 /* Base */,
			);
			name = LaunchScreen.storyboard;
			sourceTree = "<group>";
		};
/* End PBXVariantGroup section */

/* Begin XCBuildConfiguration section */
		8A989C1327ED1A1D00206572 /* Debug */ = {
			isa = XCBuildConfiguration;
			buildSettings = {
				ALWAYS_SEARCH_USER_PATHS = NO;
				CLANG_ANALYZER_NONNULL = YES;
				CLANG_ANALYZER_NUMBER_OBJECT_CONVERSION = YES_AGGRESSIVE;
				CLANG_CXX_LANGUAGE_STANDARD = "gnu++17";
				CLANG_CXX_LIBRARY = "libc++";
				CLANG_ENABLE_MODULES = YES;
				CLANG_ENABLE_OBJC_ARC = YES;
				CLANG_ENABLE_OBJC_WEAK = YES;
				CLANG_WARN_BLOCK_CAPTURE_AUTORELEASING = YES;
				CLANG_WARN_BOOL_CONVERSION = YES;
				CLANG_WARN_COMMA = YES;
				CLANG_WARN_CONSTANT_CONVERSION = YES;
				CLANG_WARN_DEPRECATED_OBJC_IMPLEMENTATIONS = YES;
				CLANG_WARN_DIRECT_OBJC_ISA_USAGE = YES_ERROR;
				CLANG_WARN_DOCUMENTATION_COMMENTS = YES;
				CLANG_WARN_EMPTY_BODY = YES;
				CLANG_WARN_ENUM_CONVERSION = YES;
				CLANG_WARN_INFINITE_RECURSION = YES;
				CLANG_WARN_INT_CONVERSION = YES;
				CLANG_WARN_NON_LITERAL_NULL_CONVERSION = YES;
				CLANG_WARN_OBJC_IMPLICIT_RETAIN_SELF = YES;
				CLANG_WARN_OBJC_LITERAL_CONVERSION = YES;
				CLANG_WARN_OBJC_ROOT_CLASS = YES_ERROR;
				CLANG_WARN_QUOTED_INCLUDE_IN_FRAMEWORK_HEADER = YES;
				CLANG_WARN_RANGE_LOOP_ANALYSIS = YES;
				CLANG_WARN_STRICT_PROTOTYPES = YES;
				CLANG_WARN_SUSPICIOUS_MOVE = YES;
				CLANG_WARN_UNGUARDED_AVAILABILITY = YES_AGGRESSIVE;
				CLANG_WARN_UNREACHABLE_CODE = YES;
				CLANG_WARN__DUPLICATE_METHOD_MATCH = YES;
				COPY_PHASE_STRIP = NO;
				DEBUG_INFORMATION_FORMAT = dwarf;
				ENABLE_STRICT_OBJC_MSGSEND = YES;
				ENABLE_TESTABILITY = YES;
				GCC_C_LANGUAGE_STANDARD = gnu11;
				GCC_DYNAMIC_NO_PIC = NO;
				GCC_NO_COMMON_BLOCKS = YES;
				GCC_OPTIMIZATION_LEVEL = 0;
				GCC_PREPROCESSOR_DEFINITIONS = (
					"DEBUG=1",
					"$(inherited)",
				);
				GCC_WARN_64_TO_32_BIT_CONVERSION = YES;
				GCC_WARN_ABOUT_RETURN_TYPE = YES_ERROR;
				GCC_WARN_UNDECLARED_SELECTOR = YES;
				GCC_WARN_UNINITIALIZED_AUTOS = YES_AGGRESSIVE;
				GCC_WARN_UNUSED_FUNCTION = YES;
				GCC_WARN_UNUSED_VARIABLE = YES;
				IPHONEOS_DEPLOYMENT_TARGET = 15.2;
				MTL_ENABLE_DEBUG_INFO = INCLUDE_SOURCE;
				MTL_FAST_MATH = YES;
				ONLY_ACTIVE_ARCH = YES;
				SDKROOT = iphoneos;
				SWIFT_ACTIVE_COMPILATION_CONDITIONS = DEBUG;
				SWIFT_OPTIMIZATION_LEVEL = "-Onone";
			};
			name = Debug;
		};
		8A989C1427ED1A1D00206572 /* Release */ = {
			isa = XCBuildConfiguration;
			buildSettings = {
				ALWAYS_SEARCH_USER_PATHS = NO;
				CLANG_ANALYZER_NONNULL = YES;
				CLANG_ANALYZER_NUMBER_OBJECT_CONVERSION = YES_AGGRESSIVE;
				CLANG_CXX_LANGUAGE_STANDARD = "gnu++17";
				CLANG_CXX_LIBRARY = "libc++";
				CLANG_ENABLE_MODULES = YES;
				CLANG_ENABLE_OBJC_ARC = YES;
				CLANG_ENABLE_OBJC_WEAK = YES;
				CLANG_WARN_BLOCK_CAPTURE_AUTORELEASING = YES;
				CLANG_WARN_BOOL_CONVERSION = YES;
				CLANG_WARN_COMMA = YES;
				CLANG_WARN_CONSTANT_CONVERSION = YES;
				CLANG_WARN_DEPRECATED_OBJC_IMPLEMENTATIONS = YES;
				CLANG_WARN_DIRECT_OBJC_ISA_USAGE = YES_ERROR;
				CLANG_WARN_DOCUMENTATION_COMMENTS = YES;
				CLANG_WARN_EMPTY_BODY = YES;
				CLANG_WARN_ENUM_CONVERSION = YES;
				CLANG_WARN_INFINITE_RECURSION = YES;
				CLANG_WARN_INT_CONVERSION = YES;
				CLANG_WARN_NON_LITERAL_NULL_CONVERSION = YES;
				CLANG_WARN_OBJC_IMPLICIT_RETAIN_SELF = YES;
				CLANG_WARN_OBJC_LITERAL_CONVERSION = YES;
				CLANG_WARN_OBJC_ROOT_CLASS = YES_ERROR;
				CLANG_WARN_QUOTED_INCLUDE_IN_FRAMEWORK_HEADER = YES;
				CLANG_WARN_RANGE_LOOP_ANALYSIS = YES;
				CLANG_WARN_STRICT_PROTOTYPES = YES;
				CLANG_WARN_SUSPICIOUS_MOVE = YES;
				CLANG_WARN_UNGUARDED_AVAILABILITY = YES_AGGRESSIVE;
				CLANG_WARN_UNREACHABLE_CODE = YES;
				CLANG_WARN__DUPLICATE_METHOD_MATCH = YES;
				COPY_PHASE_STRIP = NO;
				DEBUG_INFORMATION_FORMAT = "dwarf-with-dsym";
				ENABLE_NS_ASSERTIONS = NO;
				ENABLE_STRICT_OBJC_MSGSEND = YES;
				GCC_C_LANGUAGE_STANDARD = gnu11;
				GCC_NO_COMMON_BLOCKS = YES;
				GCC_WARN_64_TO_32_BIT_CONVERSION = YES;
				GCC_WARN_ABOUT_RETURN_TYPE = YES_ERROR;
				GCC_WARN_UNDECLARED_SELECTOR = YES;
				GCC_WARN_UNINITIALIZED_AUTOS = YES_AGGRESSIVE;
				GCC_WARN_UNUSED_FUNCTION = YES;
				GCC_WARN_UNUSED_VARIABLE = YES;
				IPHONEOS_DEPLOYMENT_TARGET = 15.2;
				MTL_ENABLE_DEBUG_INFO = NO;
				MTL_FAST_MATH = YES;
				SDKROOT = iphoneos;
				SWIFT_COMPILATION_MODE = wholemodule;
				SWIFT_OPTIMIZATION_LEVEL = "-O";
				VALIDATE_PRODUCT = YES;
			};
			name = Release;
		};
		8A989C1627ED1A1D00206572 /* Debug */ = {
			isa = XCBuildConfiguration;
			baseConfigurationReference = 73B6C532FA5C56506654E903 /* Pods-Parstagram.final.debug.xcconfig */;
			buildSettings = {
				ASSETCATALOG_COMPILER_APPICON_NAME = AppIcon;
				ASSETCATALOG_COMPILER_GLOBAL_ACCENT_COLOR_NAME = AccentColor;
				CODE_SIGN_STYLE = Automatic;
				CURRENT_PROJECT_VERSION = 1;
				DEVELOPMENT_TEAM = 9G87C32QV8;
				GENERATE_INFOPLIST_FILE = YES;
				INFOPLIST_FILE = Parstagram.final/Info.plist;
				INFOPLIST_KEY_UIApplicationSupportsIndirectInputEvents = YES;
				INFOPLIST_KEY_UILaunchStoryboardName = LaunchScreen;
				INFOPLIST_KEY_UIMainStoryboardFile = Main;
				INFOPLIST_KEY_UISupportedInterfaceOrientations_iPad = "UIInterfaceOrientationPortrait UIInterfaceOrientationPortraitUpsideDown UIInterfaceOrientationLandscapeLeft UIInterfaceOrientationLandscapeRight";
				INFOPLIST_KEY_UISupportedInterfaceOrientations_iPhone = "UIInterfaceOrientationPortrait UIInterfaceOrientationLandscapeLeft UIInterfaceOrientationLandscapeRight";
				LD_RUNPATH_SEARCH_PATHS = (
					"$(inherited)",
					"@executable_path/Frameworks",
				);
				MARKETING_VERSION = 1.0;
				PRODUCT_BUNDLE_IDENTIFIER = "com.jrodriguez289.Parstagram-final";
				PRODUCT_NAME = "$(TARGET_NAME)";
				SWIFT_EMIT_LOC_STRINGS = YES;
				SWIFT_VERSION = 5.0;
				TARGETED_DEVICE_FAMILY = "1,2";
			};
			name = Debug;
		};
		8A989C1727ED1A1D00206572 /* Release */ = {
			isa = XCBuildConfiguration;
			baseConfigurationReference = 500F516722C3CC47C92432FC /* Pods-Parstagram.final.release.xcconfig */;
			buildSettings = {
				ASSETCATALOG_COMPILER_APPICON_NAME = AppIcon;
				ASSETCATALOG_COMPILER_GLOBAL_ACCENT_COLOR_NAME = AccentColor;
				CODE_SIGN_STYLE = Automatic;
				CURRENT_PROJECT_VERSION = 1;
				DEVELOPMENT_TEAM = 9G87C32QV8;
				GENERATE_INFOPLIST_FILE = YES;
				INFOPLIST_FILE = Parstagram.final/Info.plist;
				INFOPLIST_KEY_UIApplicationSupportsIndirectInputEvents = YES;
				INFOPLIST_KEY_UILaunchStoryboardName = LaunchScreen;
				INFOPLIST_KEY_UIMainStoryboardFile = Main;
				INFOPLIST_KEY_UISupportedInterfaceOrientations_iPad = "UIInterfaceOrientationPortrait UIInterfaceOrientationPortraitUpsideDown UIInterfaceOrientationLandscapeLeft UIInterfaceOrientationLandscapeRight";
				INFOPLIST_KEY_UISupportedInterfaceOrientations_iPhone = "UIInterfaceOrientationPortrait UIInterfaceOrientationLandscapeLeft UIInterfaceOrientationLandscapeRight";
				LD_RUNPATH_SEARCH_PATHS = (
					"$(inherited)",
					"@executable_path/Frameworks",
				);
				MARKETING_VERSION = 1.0;
				PRODUCT_BUNDLE_IDENTIFIER = "com.jrodriguez289.Parstagram-final";
				PRODUCT_NAME = "$(TARGET_NAME)";
				SWIFT_EMIT_LOC_STRINGS = YES;
				SWIFT_VERSION = 5.0;
				TARGETED_DEVICE_FAMILY = "1,2";
			};
			name = Release;
		};
		8A989C1927ED1A1D00206572 /* Debug */ = {
			isa = XCBuildConfiguration;
			baseConfigurationReference = 1B1CA662B4C3D4B51A6E2992 /* Pods-Parstagram.finalTests.debug.xcconfig */;
			buildSettings = {
				ALWAYS_EMBED_SWIFT_STANDARD_LIBRARIES = YES;
				BUNDLE_LOADER = "$(TEST_HOST)";
				CODE_SIGN_STYLE = Automatic;
				CURRENT_PROJECT_VERSION = 1;
				DEVELOPMENT_TEAM = 9G87C32QV8;
				GENERATE_INFOPLIST_FILE = YES;
				IPHONEOS_DEPLOYMENT_TARGET = 15.2;
				MARKETING_VERSION = 1.0;
				PRODUCT_BUNDLE_IDENTIFIER = "com.jrodriguez289.Parstagram-finalTests";
				PRODUCT_NAME = "$(TARGET_NAME)";
				SWIFT_EMIT_LOC_STRINGS = NO;
				SWIFT_VERSION = 5.0;
				TARGETED_DEVICE_FAMILY = "1,2";
				TEST_HOST = "$(BUILT_PRODUCTS_DIR)/Parstagram.final.app/Parstagram.final";
			};
			name = Debug;
		};
		8A989C1A27ED1A1D00206572 /* Release */ = {
			isa = XCBuildConfiguration;
			baseConfigurationReference = 2C309C0ABD184370EE922D51 /* Pods-Parstagram.finalTests.release.xcconfig */;
			buildSettings = {
				ALWAYS_EMBED_SWIFT_STANDARD_LIBRARIES = YES;
				BUNDLE_LOADER = "$(TEST_HOST)";
				CODE_SIGN_STYLE = Automatic;
				CURRENT_PROJECT_VERSION = 1;
				DEVELOPMENT_TEAM = 9G87C32QV8;
				GENERATE_INFOPLIST_FILE = YES;
				IPHONEOS_DEPLOYMENT_TARGET = 15.2;
				MARKETING_VERSION = 1.0;
				PRODUCT_BUNDLE_IDENTIFIER = "com.jrodriguez289.Parstagram-finalTests";
				PRODUCT_NAME = "$(TARGET_NAME)";
				SWIFT_EMIT_LOC_STRINGS = NO;
				SWIFT_VERSION = 5.0;
				TARGETED_DEVICE_FAMILY = "1,2";
				TEST_HOST = "$(BUILT_PRODUCTS_DIR)/Parstagram.final.app/Parstagram.final";
			};
			name = Release;
		};
		8A989C1C27ED1A1D00206572 /* Debug */ = {
			isa = XCBuildConfiguration;
			baseConfigurationReference = E043EA25AA7900D6135C1CB4 /* Pods-Parstagram.final-Parstagram.finalUITests.debug.xcconfig */;
			buildSettings = {
				ALWAYS_EMBED_SWIFT_STANDARD_LIBRARIES = YES;
				CODE_SIGN_STYLE = Automatic;
				CURRENT_PROJECT_VERSION = 1;
				DEVELOPMENT_TEAM = 9G87C32QV8;
				GENERATE_INFOPLIST_FILE = YES;
				MARKETING_VERSION = 1.0;
				PRODUCT_BUNDLE_IDENTIFIER = "com.jrodriguez289.Parstagram-finalUITests";
				PRODUCT_NAME = "$(TARGET_NAME)";
				SWIFT_EMIT_LOC_STRINGS = NO;
				SWIFT_VERSION = 5.0;
				TARGETED_DEVICE_FAMILY = "1,2";
				TEST_TARGET_NAME = Parstagram.final;
			};
			name = Debug;
		};
		8A989C1D27ED1A1D00206572 /* Release */ = {
			isa = XCBuildConfiguration;
			baseConfigurationReference = FED04B0124DFB6E59B7245BD /* Pods-Parstagram.final-Parstagram.finalUITests.release.xcconfig */;
			buildSettings = {
				ALWAYS_EMBED_SWIFT_STANDARD_LIBRARIES = YES;
				CODE_SIGN_STYLE = Automatic;
				CURRENT_PROJECT_VERSION = 1;
				DEVELOPMENT_TEAM = 9G87C32QV8;
				GENERATE_INFOPLIST_FILE = YES;
				MARKETING_VERSION = 1.0;
				PRODUCT_BUNDLE_IDENTIFIER = "com.jrodriguez289.Parstagram-finalUITests";
				PRODUCT_NAME = "$(TARGET_NAME)";
				SWIFT_EMIT_LOC_STRINGS = NO;
				SWIFT_VERSION = 5.0;
				TARGETED_DEVICE_FAMILY = "1,2";
				TEST_TARGET_NAME = Parstagram.final;
			};
			name = Release;
		};
/* End XCBuildConfiguration section */

/* Begin XCConfigurationList section */
		8A989BE327ED1A1B00206572 /* Build configuration list for PBXProject "Parstagram.final" */ = {
			isa = XCConfigurationList;
			buildConfigurations = (
				8A989C1327ED1A1D00206572 /* Debug */,
				8A989C1427ED1A1D00206572 /* Release */,
			);
			defaultConfigurationIsVisible = 0;
			defaultConfigurationName = Release;
		};
		8A989C1527ED1A1D00206572 /* Build configuration list for PBXNativeTarget "Parstagram.final" */ = {
			isa = XCConfigurationList;
			buildConfigurations = (
				8A989C1627ED1A1D00206572 /* Debug */,
				8A989C1727ED1A1D00206572 /* Release */,
			);
			defaultConfigurationIsVisible = 0;
			defaultConfigurationName = Release;
		};
		8A989C1827ED1A1D00206572 /* Build configuration list for PBXNativeTarget "Parstagram.finalTests" */ = {
			isa = XCConfigurationList;
			buildConfigurations = (
				8A989C1927ED1A1D00206572 /* Debug */,
				8A989C1A27ED1A1D00206572 /* Release */,
			);
			defaultConfigurationIsVisible = 0;
			defaultConfigurationName = Release;
		};
		8A989C1B27ED1A1D00206572 /* Build configuration list for PBXNativeTarget "Parstagram.finalUITests" */ = {
			isa = XCConfigurationList;
			buildConfigurations = (
				8A989C1C27ED1A1D00206572 /* Debug */,
				8A989C1D27ED1A1D00206572 /* Release */,
			);
			defaultConfigurationIsVisible = 0;
			defaultConfigurationName = Release;
		};
/* End XCConfigurationList section */

/* Begin XCRemoteSwiftPackageReference section */
		8A989C2227ED2CE800206572 /* XCRemoteSwiftPackageReference "AlamofireImage" */ = {
			isa = XCRemoteSwiftPackageReference;
			repositoryURL = "https://github.com/Alamofire/AlamofireImage";
			requirement = {
				branch = master;
				kind = branch;
			};
		};
/* End XCRemoteSwiftPackageReference section */

/* Begin XCSwiftPackageProductDependency section */
		8A989C2327ED2CE800206572 /* AlamofireImage */ = {
			isa = XCSwiftPackageProductDependency;
			package = 8A989C2227ED2CE800206572 /* XCRemoteSwiftPackageReference "AlamofireImage" */;
			productName = AlamofireImage;
		};
/* End XCSwiftPackageProductDependency section */

/* Begin XCVersionGroup section */
		8A989BF427ED1A1B00206572 /* Parstagram_final.xcdatamodeld */ = {
			isa = XCVersionGroup;
			children = (
				8A989BF527ED1A1B00206572 /* Parstagram_final.xcdatamodel */,
			);
			currentVersion = 8A989BF527ED1A1B00206572 /* Parstagram_final.xcdatamodel */;
			path = Parstagram_final.xcdatamodeld;
			sourceTree = "<group>";
			versionGroupType = wrapper.xcdatamodel;
		};
/* End XCVersionGroup section */
	};
	rootObject = 8A989BE027ED1A1B00206572 /* Project object */;
}
